
Microsoft Visual Studio Solution File, Format Version 12.00
# Visual Studio Version 17
VisualStudioVersion = 17.9.34414.90
MinimumVisualStudioVersion = 10.0.40219.1
Project("{9A19103F-16F7-4668-BE54-9A1E7A4F7556}") = "DriveInto.Hungry.Serving", "DriveInto.Hungry.Serving\DriveInto.Hungry.Serving.csproj", "{3F3B1551-2A2A-422F-A004-7C3CB4C65A6C}"
EndProject
Global
	GlobalSection(SolutionConfigurationPlatforms) = preSolution
		Debug|Any CPU = Debug|Any CPU
		Release|Any CPU = Release|Any CPU
	EndGlobalSection
	GlobalSection(ProjectConfigurationPlatforms) = postSolution
		{3F3B1551-2A2A-422F-A004-7C3CB4C65A6C}.Debug|Any CPU.ActiveCfg = Debug|Any CPU
		{3F3B1551-2A2A-422F-A004-7C3CB4C65A6C}.Debug|Any CPU.Build.0 = Debug|Any CPU
		{3F3B1551-2A2A-422F-A004-7C3CB4C65A6C}.Release|Any CPU.ActiveCfg = Release|Any CPU
		{3F3B1551-2A2A-422F-A004-7C3CB4C65A6C}.Release|Any CPU.Build.0 = Release|Any CPU
	EndGlobalSection
	GlobalSection(SolutionProperties) = preSolution
		HideSolutionNode = FALSE
	EndGlobalSection
	GlobalSection(ExtensibilityGlobals) = postSolution
		SolutionGuid = {9E459C4A-AA97-435A-B074-58D9231710DC}
	EndGlobalSection
EndGlobal
